
Microsoft Visual Studio Solution File, Format Version 12.00
# Visual Studio Version 17
VisualStudioVersion = 17.4.33103.184
MinimumVisualStudioVersion = 10.0.40219.1
Project("{FAE04EC0-301F-11D3-BF4B-00C04F79EFBC}") = "GastoEmRestaurante", "GastoEmRestaurante\GastoEmRestaurante.csproj", "{A4AE05AA-A672-4A95-AF0F-95C15A98A184}"
EndProject
Global
	GlobalSection(SolutionConfigurationPlatforms) = preSolution
		Debug|Any CPU = Debug|Any CPU
		Release|Any CPU = Release|Any CPU
	EndGlobalSection
	GlobalSection(ProjectConfigurationPlatforms) = postSolution
		{A4AE05AA-A672-4A95-AF0F-95C15A98A184}.Debug|Any CPU.ActiveCfg = Debug|Any CPU
		{A4AE05AA-A672-4A95-AF0F-95C15A98A184}.Debug|Any CPU.Build.0 = Debug|Any CPU
		{A4AE05AA-A672-4A95-AF0F-95C15A98A184}.Release|Any CPU.ActiveCfg = Release|Any CPU
		{A4AE05AA-A672-4A95-AF0F-95C15A98A184}.Release|Any CPU.Build.0 = Release|Any CPU
	EndGlobalSection
	GlobalSection(SolutionProperties) = preSolution
		HideSolutionNode = FALSE
	EndGlobalSection
	GlobalSection(ExtensibilityGlobals) = postSolution
		SolutionGuid = {9515EF7F-CD0C-4D0E-86FC-535BCC066991}
	EndGlobalSection
EndGlobal
